
Microsoft Visual Studio Solution File, Format Version 12.00
# Visual Studio Version 16
VisualStudioVersion = 16.0.36107.64
MinimumVisualStudioVersion = 10.0.40219.1
Project("{FAE04EC0-301F-11D3-BF4B-00C04F79EFBC}") = "Ejercicio_Git", "Ejercicio_Git\Ejercicio_Git.csproj", "{AC1628FE-60FA-4703-A2E6-6EC5A7BAD68C}"
EndProject
Global
	GlobalSection(SolutionConfigurationPlatforms) = preSolution
		Debug|Any CPU = Debug|Any CPU
		Release|Any CPU = Release|Any CPU
	EndGlobalSection
	GlobalSection(ProjectConfigurationPlatforms) = postSolution
		{AC1628FE-60FA-4703-A2E6-6EC5A7BAD68C}.Debug|Any CPU.ActiveCfg = Debug|Any CPU
		{AC1628FE-60FA-4703-A2E6-6EC5A7BAD68C}.Debug|Any CPU.Build.0 = Debug|Any CPU
		{AC1628FE-60FA-4703-A2E6-6EC5A7BAD68C}.Release|Any CPU.ActiveCfg = Release|Any CPU
		{AC1628FE-60FA-4703-A2E6-6EC5A7BAD68C}.Release|Any CPU.Build.0 = Release|Any CPU
	EndGlobalSection
	GlobalSection(SolutionProperties) = preSolution
		HideSolutionNode = FALSE
	EndGlobalSection
	GlobalSection(ExtensibilityGlobals) = postSolution
		SolutionGuid = {603C0E90-A401-48C9-AFD9-78A4509151EE}
	EndGlobalSection
EndGlobal
